
Microsoft Visual Studio Solution File, Format Version 12.00
# Visual Studio Version 17
VisualStudioVersion = 17.4.33110.190
MinimumVisualStudioVersion = 10.0.40219.1
Project("{FAE04EC0-301F-11D3-BF4B-00C04F79EFBC}") = "VehicleDetWebAPI", "VehicleDetWebAPI\VehicleDetWebAPI.csproj", "{13638753-4AE2-49CB-9198-BD5DCA449001}"
EndProject
Global
	GlobalSection(SolutionConfigurationPlatforms) = preSolution
		Debug|Any CPU = Debug|Any CPU
		Release|Any CPU = Release|Any CPU
	EndGlobalSection
	GlobalSection(ProjectConfigurationPlatforms) = postSolution
		{13638753-4AE2-49CB-9198-BD5DCA449001}.Debug|Any CPU.ActiveCfg = Debug|Any CPU
		{13638753-4AE2-49CB-9198-BD5DCA449001}.Debug|Any CPU.Build.0 = Debug|Any CPU
		{13638753-4AE2-49CB-9198-BD5DCA449001}.Release|Any CPU.ActiveCfg = Release|Any CPU
		{13638753-4AE2-49CB-9198-BD5DCA449001}.Release|Any CPU.Build.0 = Release|Any CPU
	EndGlobalSection
	GlobalSection(SolutionProperties) = preSolution
		HideSolutionNode = FALSE
	EndGlobalSection
	GlobalSection(ExtensibilityGlobals) = postSolution
		SolutionGuid = {1D676762-F0A7-4563-9FA6-2A433559FD81}
	EndGlobalSection
EndGlobal
